// !$*UTF8*$!
{
	archiveVersion = 1;
	classes = {
	};
	objectVersion = 56;
	objects = {

/* Begin PBXBuildFile section */
		EECACF522DF2FBFE0058FA5C /* MoodiApp.swift in Sources */ = {isa = PBXBuildFile; fileRef = EECACF512DF2FBFE0058FA5C /* MoodiApp.swift */; };
		EECACF562DF2FC000058FA5C /* Assets.xcassets in Resources */ = {isa = PBXBuildFile; fileRef = EECACF552DF2FC000058FA5C /* Assets.xcassets */; };
		EECACF592DF2FC000058FA5C /* Preview Assets.xcassets in Resources */ = {isa = PBXBuildFile; fileRef = EECACF582DF2FC000058FA5C /* Preview Assets.xcassets */; };
		EECACF632DF2FC000058FA5C /* MoodiTests.swift in Sources */ = {isa = PBXBuildFile; fileRef = EECACF622DF2FC000058FA5C /* MoodiTests.swift */; };
		EECACF6D2DF2FC000058FA5C /* MoodiUITests.swift in Sources */ = {isa = PBXBuildFile; fileRef = EECACF6C2DF2FC000058FA5C /* MoodiUITests.swift */; };
		EECACF6F2DF2FC000058FA5C /* MoodiUITestsLaunchTests.swift in Sources */ = {isa = PBXBuildFile; fileRef = EECACF6E2DF2FC000058FA5C /* MoodiUITestsLaunchTests.swift */; };
		EECACF802DF2FC570058FA5C /* Movie.swift in Sources */ = {isa = PBXBuildFile; fileRef = EECACF7F2DF2FC570058FA5C /* Movie.swift */; };
		EECACF822DF2FCE90058FA5C /* MovieViewModel.swift in Sources */ = {isa = PBXBuildFile; fileRef = EECACF812DF2FCE90058FA5C /* MovieViewModel.swift */; };
		EECACF862DF300160058FA5C /* MovieCardView.swift in Sources */ = {isa = PBXBuildFile; fileRef = EECACF852DF300160058FA5C /* MovieCardView.swift */; };
		EECACF882DF364740058FA5C /* SwipeView.swift in Sources */ = {isa = PBXBuildFile; fileRef = EECACF872DF364740058FA5C /* SwipeView.swift */; };
		EECACF8B2DF3663E0058FA5C /* UserDefaults.swift in Sources */ = {isa = PBXBuildFile; fileRef = EECACF8A2DF3663E0058FA5C /* UserDefaults.swift */; };
		EECACF8D2DF3683E0058FA5C /* SavedMoviesView.swift in Sources */ = {isa = PBXBuildFile; fileRef = EECACF8C2DF3683E0058FA5C /* SavedMoviesView.swift */; };
		EECACF8F2DF36B0A0058FA5C /* Mood.swift in Sources */ = {isa = PBXBuildFile; fileRef = EECACF8E2DF36B0A0058FA5C /* Mood.swift */; };
		EECACF912DF36B480058FA5C /* MoodSelectionView.swift in Sources */ = {isa = PBXBuildFile; fileRef = EECACF902DF36B480058FA5C /* MoodSelectionView.swift */; };
		EECACF932DF36C0D0058FA5C /* StatefulPreviewWrapper.swift in Sources */ = {isa = PBXBuildFile; fileRef = EECACF922DF36C0D0058FA5C /* StatefulPreviewWrapper.swift */; };
		EECACF952DF36D3D0058FA5C /* RootView.swift in Sources */ = {isa = PBXBuildFile; fileRef = EECACF942DF36D3D0058FA5C /* RootView.swift */; };
		EECACF972DF36D870058FA5C /* MainTabView.swift in Sources */ = {isa = PBXBuildFile; fileRef = EECACF962DF36D870058FA5C /* MainTabView.swift */; };
		EECACF992DF372150058FA5C /* MovieResponse.swift in Sources */ = {isa = PBXBuildFile; fileRef = EECACF982DF372150058FA5C /* MovieResponse.swift */; };
		EECACF9B2DF3724D0058FA5C /* APIMovie.swift in Sources */ = {isa = PBXBuildFile; fileRef = EECACF9A2DF3724D0058FA5C /* APIMovie.swift */; };
		EECACF9E2DF3743B0058FA5C /* Secrets.swift in Sources */ = {isa = PBXBuildFile; fileRef = EECACF9D2DF3743B0058FA5C /* Secrets.swift */; };
		EECACFA12DF378FA0058FA5C /* GenreMapping.swift in Sources */ = {isa = PBXBuildFile; fileRef = EECACFA02DF378FA0058FA5C /* GenreMapping.swift */; };
		EECACFA32DF488220058FA5C /* SplashView.swift in Sources */ = {isa = PBXBuildFile; fileRef = EECACFA22DF488220058FA5C /* SplashView.swift */; };
		EECACFA52DF48A1E0058FA5C /* IntroScreen.swift in Sources */ = {isa = PBXBuildFile; fileRef = EECACFA42DF48A1E0058FA5C /* IntroScreen.swift */; };
		EECACFA72DF48E030058FA5C /* Color.swift in Sources */ = {isa = PBXBuildFile; fileRef = EECACFA62DF48E030058FA5C /* Color.swift */; };
		EECACFAF2DF4951F0058FA5C /* Poppins-Bold.ttf in Resources */ = {isa = PBXBuildFile; fileRef = EECACFAA2DF48FDC0058FA5C /* Poppins-Bold.ttf */; };
		EECACFB02DF495220058FA5C /* Poppins-Light.ttf in Resources */ = {isa = PBXBuildFile; fileRef = EECACFA92DF48FDC0058FA5C /* Poppins-Light.ttf */; };
		EECACFB12DF495240058FA5C /* Poppins-Medium.ttf in Resources */ = {isa = PBXBuildFile; fileRef = EECACFAD2DF48FDC0058FA5C /* Poppins-Medium.ttf */; };
		EECACFB22DF495270058FA5C /* Poppins-SemiBold.ttf in Resources */ = {isa = PBXBuildFile; fileRef = EECACFAB2DF48FDC0058FA5C /* Poppins-SemiBold.ttf */; };
		EECACFB32DF495290058FA5C /* Poppins-Regular.ttf in Resources */ = {isa = PBXBuildFile; fileRef = EECACFAC2DF48FDC0058FA5C /* Poppins-Regular.ttf */; };
		EED449D52DF4A12900719FB1 /* AppScreen.swift in Sources */ = {isa = PBXBuildFile; fileRef = EED449D42DF4A12900719FB1 /* AppScreen.swift */; };
		EED449D72DF4A14D00719FB1 /* AppState.swift in Sources */ = {isa = PBXBuildFile; fileRef = EED449D62DF4A14D00719FB1 /* AppState.swift */; };
		EED449D92DF4A1D800719FB1 /* ContentView.swift in Sources */ = {isa = PBXBuildFile; fileRef = EED449D82DF4A1D800719FB1 /* ContentView.swift */; };
		EED449DB2DF4A49000719FB1 /* Launch Screen.storyboard in Resources */ = {isa = PBXBuildFile; fileRef = EED449DA2DF4A49000719FB1 /* Launch Screen.storyboard */; };
/* End PBXBuildFile section */

/* Begin PBXContainerItemProxy section */
		EECACF5F2DF2FC000058FA5C /* PBXContainerItemProxy */ = {
			isa = PBXContainerItemProxy;
			containerPortal = EECACF462DF2FBFE0058FA5C /* Project object */;
			proxyType = 1;
			remoteGlobalIDString = EECACF4D2DF2FBFE0058FA5C;
			remoteInfo = Moodi;
		};
		EECACF692DF2FC000058FA5C /* PBXContainerItemProxy */ = {
			isa = PBXContainerItemProxy;
			containerPortal = EECACF462DF2FBFE0058FA5C /* Project object */;
			proxyType = 1;
			remoteGlobalIDString = EECACF4D2DF2FBFE0058FA5C;
			remoteInfo = Moodi;
		};
/* End PBXContainerItemProxy section */

/* Begin PBXFileReference section */
		EECACF4E2DF2FBFE0058FA5C /* Moodi.app */ = {isa = PBXFileReference; explicitFileType = wrapper.application; includeInIndex = 0; path = Moodi.app; sourceTree = BUILT_PRODUCTS_DIR; };
		EECACF512DF2FBFE0058FA5C /* MoodiApp.swift */ = {isa = PBXFileReference; lastKnownFileType = sourcecode.swift; path = MoodiApp.swift; sourceTree = "<group>"; };
		EECACF552DF2FC000058FA5C /* Assets.xcassets */ = {isa = PBXFileReference; lastKnownFileType = folder.assetcatalog; path = Assets.xcassets; sourceTree = "<group>"; };
		EECACF582DF2FC000058FA5C /* Preview Assets.xcassets */ = {isa = PBXFileReference; lastKnownFileType = folder.assetcatalog; path = "Preview Assets.xcassets"; sourceTree = "<group>"; };
		EECACF5E2DF2FC000058FA5C /* MoodiTests.xctest */ = {isa = PBXFileReference; explicitFileType = wrapper.cfbundle; includeInIndex = 0; path = MoodiTests.xctest; sourceTree = BUILT_PRODUCTS_DIR; };
		EECACF622DF2FC000058FA5C /* MoodiTests.swift */ = {isa = PBXFileReference; lastKnownFileType = sourcecode.swift; path = MoodiTests.swift; sourceTree = "<group>"; };
		EECACF682DF2FC000058FA5C /* MoodiUITests.xctest */ = {isa = PBXFileReference; explicitFileType = wrapper.cfbundle; includeInIndex = 0; path = MoodiUITests.xctest; sourceTree = BUILT_PRODUCTS_DIR; };
		EECACF6C2DF2FC000058FA5C /* MoodiUITests.swift */ = {isa = PBXFileReference; lastKnownFileType = sourcecode.swift; path = MoodiUITests.swift; sourceTree = "<group>"; };
		EECACF6E2DF2FC000058FA5C /* MoodiUITestsLaunchTests.swift */ = {isa = PBXFileReference; lastKnownFileType = sourcecode.swift; path = MoodiUITestsLaunchTests.swift; sourceTree = "<group>"; };
		EECACF7F2DF2FC570058FA5C /* Movie.swift */ = {isa = PBXFileReference; lastKnownFileType = sourcecode.swift; path = Movie.swift; sourceTree = "<group>"; };
		EECACF812DF2FCE90058FA5C /* MovieViewModel.swift */ = {isa = PBXFileReference; lastKnownFileType = sourcecode.swift; path = MovieViewModel.swift; sourceTree = "<group>"; };
		EECACF852DF300160058FA5C /* MovieCardView.swift */ = {isa = PBXFileReference; lastKnownFileType = sourcecode.swift; path = MovieCardView.swift; sourceTree = "<group>"; };
		EECACF872DF364740058FA5C /* SwipeView.swift */ = {isa = PBXFileReference; lastKnownFileType = sourcecode.swift; path = SwipeView.swift; sourceTree = "<group>"; };
		EECACF8A2DF3663E0058FA5C /* UserDefaults.swift */ = {isa = PBXFileReference; lastKnownFileType = sourcecode.swift; path = UserDefaults.swift; sourceTree = "<group>"; };
		EECACF8C2DF3683E0058FA5C /* SavedMoviesView.swift */ = {isa = PBXFileReference; lastKnownFileType = sourcecode.swift; path = SavedMoviesView.swift; sourceTree = "<group>"; };
		EECACF8E2DF36B0A0058FA5C /* Mood.swift */ = {isa = PBXFileReference; lastKnownFileType = sourcecode.swift; path = Mood.swift; sourceTree = "<group>"; };
		EECACF902DF36B480058FA5C /* MoodSelectionView.swift */ = {isa = PBXFileReference; lastKnownFileType = sourcecode.swift; path = MoodSelectionView.swift; sourceTree = "<group>"; };
		EECACF922DF36C0D0058FA5C /* StatefulPreviewWrapper.swift */ = {isa = PBXFileReference; lastKnownFileType = sourcecode.swift; path = StatefulPreviewWrapper.swift; sourceTree = "<group>"; };
		EECACF942DF36D3D0058FA5C /* RootView.swift */ = {isa = PBXFileReference; lastKnownFileType = sourcecode.swift; path = RootView.swift; sourceTree = "<group>"; };
		EECACF962DF36D870058FA5C /* MainTabView.swift */ = {isa = PBXFileReference; lastKnownFileType = sourcecode.swift; path = MainTabView.swift; sourceTree = "<group>"; };
		EECACF982DF372150058FA5C /* MovieResponse.swift */ = {isa = PBXFileReference; lastKnownFileType = sourcecode.swift; path = MovieResponse.swift; sourceTree = "<group>"; };
		EECACF9A2DF3724D0058FA5C /* APIMovie.swift */ = {isa = PBXFileReference; lastKnownFileType = sourcecode.swift; path = APIMovie.swift; sourceTree = "<group>"; };
		EECACF9D2DF3743B0058FA5C /* Secrets.swift */ = {isa = PBXFileReference; lastKnownFileType = sourcecode.swift; path = Secrets.swift; sourceTree = "<group>"; };
		EECACFA02DF378FA0058FA5C /* GenreMapping.swift */ = {isa = PBXFileReference; lastKnownFileType = sourcecode.swift; path = GenreMapping.swift; sourceTree = "<group>"; };
		EECACFA22DF488220058FA5C /* SplashView.swift */ = {isa = PBXFileReference; lastKnownFileType = sourcecode.swift; path = SplashView.swift; sourceTree = "<group>"; };
		EECACFA42DF48A1E0058FA5C /* IntroScreen.swift */ = {isa = PBXFileReference; lastKnownFileType = sourcecode.swift; path = IntroScreen.swift; sourceTree = "<group>"; };
		EECACFA62DF48E030058FA5C /* Color.swift */ = {isa = PBXFileReference; lastKnownFileType = sourcecode.swift; path = Color.swift; sourceTree = "<group>"; };
		EECACFA92DF48FDC0058FA5C /* Poppins-Light.ttf */ = {isa = PBXFileReference; lastKnownFileType = file; name = "Poppins-Light.ttf"; path = "../../../../Downloads/Poppins/Poppins-Light.ttf"; sourceTree = "<group>"; };
		EECACFAA2DF48FDC0058FA5C /* Poppins-Bold.ttf */ = {isa = PBXFileReference; lastKnownFileType = file; name = "Poppins-Bold.ttf"; path = "../../../../Downloads/Poppins/Poppins-Bold.ttf"; sourceTree = "<group>"; };
		EECACFAB2DF48FDC0058FA5C /* Poppins-SemiBold.ttf */ = {isa = PBXFileReference; lastKnownFileType = file; name = "Poppins-SemiBold.ttf"; path = "../../../../Downloads/Poppins/Poppins-SemiBold.ttf"; sourceTree = "<group>"; };
		EECACFAC2DF48FDC0058FA5C /* Poppins-Regular.ttf */ = {isa = PBXFileReference; lastKnownFileType = file; name = "Poppins-Regular.ttf"; path = "../../../../Downloads/Poppins/Poppins-Regular.ttf"; sourceTree = "<group>"; };
		EECACFAD2DF48FDC0058FA5C /* Poppins-Medium.ttf */ = {isa = PBXFileReference; lastKnownFileType = file; name = "Poppins-Medium.ttf"; path = "../../../../Downloads/Poppins/Poppins-Medium.ttf"; sourceTree = "<group>"; };
		EECACFAE2DF490EF0058FA5C /* Info.plist */ = {isa = PBXFileReference; lastKnownFileType = text.plist; path = Info.plist; sourceTree = "<group>"; };
		EED449D42DF4A12900719FB1 /* AppScreen.swift */ = {isa = PBXFileReference; lastKnownFileType = sourcecode.swift; path = AppScreen.swift; sourceTree = "<group>"; };
		EED449D62DF4A14D00719FB1 /* AppState.swift */ = {isa = PBXFileReference; lastKnownFileType = sourcecode.swift; path = AppState.swift; sourceTree = "<group>"; };
		EED449D82DF4A1D800719FB1 /* ContentView.swift */ = {isa = PBXFileReference; lastKnownFileType = sourcecode.swift; path = ContentView.swift; sourceTree = "<group>"; };
		EED449DA2DF4A49000719FB1 /* Launch Screen.storyboard */ = {isa = PBXFileReference; lastKnownFileType = file.storyboard; path = "Launch Screen.storyboard"; sourceTree = "<group>"; };
/* End PBXFileReference section */

/* Begin PBXFrameworksBuildPhase section */
		EECACF4B2DF2FBFE0058FA5C /* Frameworks */ = {
			isa = PBXFrameworksBuildPhase;
			buildActionMask = 2147483647;
			files = (
			);
			runOnlyForDeploymentPostprocessing = 0;
		};
		EECACF5B2DF2FC000058FA5C /* Frameworks */ = {
			isa = PBXFrameworksBuildPhase;
			buildActionMask = 2147483647;
			files = (
			);
			runOnlyForDeploymentPostprocessing = 0;
		};
		EECACF652DF2FC000058FA5C /* Frameworks */ = {
			isa = PBXFrameworksBuildPhase;
			buildActionMask = 2147483647;
			files = (
			);
			runOnlyForDeploymentPostprocessing = 0;
		};
/* End PBXFrameworksBuildPhase section */

/* Begin PBXGroup section */
		EECACF452DF2FBFE0058FA5C = {
			isa = PBXGroup;
			children = (
				EECACF502DF2FBFE0058FA5C /* Moodi */,
				EECACF612DF2FC000058FA5C /* MoodiTests */,
				EECACF6B2DF2FC000058FA5C /* MoodiUITests */,
				EECACF4F2DF2FBFE0058FA5C /* Products */,
			);
			sourceTree = "<group>";
		};
		EECACF4F2DF2FBFE0058FA5C /* Products */ = {
			isa = PBXGroup;
			children = (
				EECACF4E2DF2FBFE0058FA5C /* Moodi.app */,
				EECACF5E2DF2FC000058FA5C /* MoodiTests.xctest */,
				EECACF682DF2FC000058FA5C /* MoodiUITests.xctest */,
			);
			name = Products;
			sourceTree = "<group>";
		};
		EECACF502DF2FBFE0058FA5C /* Moodi */ = {
			isa = PBXGroup;
			children = (
				EECACFAE2DF490EF0058FA5C /* Info.plist */,
				EECACFA82DF48FC00058FA5C /* Fonts */,
				EECACF9C2DF3742C0058FA5C /* Utils */,
				EECACF892DF3662F0058FA5C /* Helpers */,
				EECACF7E2DF2FC3E0058FA5C /* Services */,
				EECACF7D2DF2FC360058FA5C /* ViewModels */,
				EECACF7C2DF2FC2B0058FA5C /* Views */,
				EECACF7B2DF2FC200058FA5C /* Models */,
				EECACF512DF2FBFE0058FA5C /* MoodiApp.swift */,
				EECACF552DF2FC000058FA5C /* Assets.xcassets */,
				EECACF572DF2FC000058FA5C /* Preview Content */,
			);
			path = Moodi;
			sourceTree = "<group>";
		};
		EECACF572DF2FC000058FA5C /* Preview Content */ = {
			isa = PBXGroup;
			children = (
				EECACF582DF2FC000058FA5C /* Preview Assets.xcassets */,
			);
			path = "Preview Content";
			sourceTree = "<group>";
		};
		EECACF612DF2FC000058FA5C /* MoodiTests */ = {
			isa = PBXGroup;
			children = (
				EECACF622DF2FC000058FA5C /* MoodiTests.swift */,
			);
			path = MoodiTests;
			sourceTree = "<group>";
		};
		EECACF6B2DF2FC000058FA5C /* MoodiUITests */ = {
			isa = PBXGroup;
			children = (
				EECACF6C2DF2FC000058FA5C /* MoodiUITests.swift */,
				EECACF6E2DF2FC000058FA5C /* MoodiUITestsLaunchTests.swift */,
			);
			path = MoodiUITests;
			sourceTree = "<group>";
		};
		EECACF7B2DF2FC200058FA5C /* Models */ = {
			isa = PBXGroup;
			children = (
				EECACF7F2DF2FC570058FA5C /* Movie.swift */,
				EECACF8E2DF36B0A0058FA5C /* Mood.swift */,
				EECACF982DF372150058FA5C /* MovieResponse.swift */,
				EECACF9A2DF3724D0058FA5C /* APIMovie.swift */,
				EED449D42DF4A12900719FB1 /* AppScreen.swift */,
			);
			path = Models;
			sourceTree = "<group>";
		};
		EECACF7C2DF2FC2B0058FA5C /* Views */ = {
			isa = PBXGroup;
			children = (
				EECACF852DF300160058FA5C /* MovieCardView.swift */,
				EECACF872DF364740058FA5C /* SwipeView.swift */,
				EECACF8C2DF3683E0058FA5C /* SavedMoviesView.swift */,
				EECACF902DF36B480058FA5C /* MoodSelectionView.swift */,
				EECACF942DF36D3D0058FA5C /* RootView.swift */,
				EECACF962DF36D870058FA5C /* MainTabView.swift */,
				EECACFA22DF488220058FA5C /* SplashView.swift */,
				EECACFA42DF48A1E0058FA5C /* IntroScreen.swift */,
				EED449D82DF4A1D800719FB1 /* ContentView.swift */,
				EED449DA2DF4A49000719FB1 /* Launch Screen.storyboard */,
			);
			path = Views;
			sourceTree = "<group>";
		};
		EECACF7D2DF2FC360058FA5C /* ViewModels */ = {
			isa = PBXGroup;
			children = (
				EECACF812DF2FCE90058FA5C /* MovieViewModel.swift */,
				EED449D62DF4A14D00719FB1 /* AppState.swift */,
			);
			path = ViewModels;
			sourceTree = "<group>";
		};
		EECACF7E2DF2FC3E0058FA5C /* Services */ = {
			isa = PBXGroup;
			children = (
			);
			path = Services;
			sourceTree = "<group>";
		};
		EECACF892DF3662F0058FA5C /* Helpers */ = {
			isa = PBXGroup;
			children = (
				EECACF8A2DF3663E0058FA5C /* UserDefaults.swift */,
				EECACF922DF36C0D0058FA5C /* StatefulPreviewWrapper.swift */,
				EECACFA62DF48E030058FA5C /* Color.swift */,
			);
			path = Helpers;
			sourceTree = "<group>";
		};
		EECACF9C2DF3742C0058FA5C /* Utils */ = {
			isa = PBXGroup;
			children = (
				EECACF9D2DF3743B0058FA5C /* Secrets.swift */,
				EECACFA02DF378FA0058FA5C /* GenreMapping.swift */,
			);
			path = Utils;
			sourceTree = "<group>";
		};
		EECACFA82DF48FC00058FA5C /* Fonts */ = {
			isa = PBXGroup;
			children = (
				EECACFAA2DF48FDC0058FA5C /* Poppins-Bold.ttf */,
				EECACFA92DF48FDC0058FA5C /* Poppins-Light.ttf */,
				EECACFAD2DF48FDC0058FA5C /* Poppins-Medium.ttf */,
				EECACFAC2DF48FDC0058FA5C /* Poppins-Regular.ttf */,
				EECACFAB2DF48FDC0058FA5C /* Poppins-SemiBold.ttf */,
			);
			path = Fonts;
			sourceTree = "<group>";
		};
/* End PBXGroup section */

/* Begin PBXNativeTarget section */
		EECACF4D2DF2FBFE0058FA5C /* Moodi */ = {
			isa = PBXNativeTarget;
			buildConfigurationList = EECACF722DF2FC000058FA5C /* Build configuration list for PBXNativeTarget "Moodi" */;
			buildPhases = (
				EECACF4A2DF2FBFE0058FA5C /* Sources */,
				EECACF4B2DF2FBFE0058FA5C /* Frameworks */,
				EECACF4C2DF2FBFE0058FA5C /* Resources */,
			);
			buildRules = (
			);
			dependencies = (
			);
			name = Moodi;
			productName = Moodi;
			productReference = EECACF4E2DF2FBFE0058FA5C /* Moodi.app */;
			productType = "com.apple.product-type.application";
		};
		EECACF5D2DF2FC000058FA5C /* MoodiTests */ = {
			isa = PBXNativeTarget;
			buildConfigurationList = EECACF752DF2FC000058FA5C /* Build configuration list for PBXNativeTarget "MoodiTests" */;
			buildPhases = (
				EECACF5A2DF2FC000058FA5C /* Sources */,
				EECACF5B2DF2FC000058FA5C /* Frameworks */,
				EECACF5C2DF2FC000058FA5C /* Resources */,
			);
			buildRules = (
			);
			dependencies = (
				EECACF602DF2FC000058FA5C /* PBXTargetDependency */,
			);
			name = MoodiTests;
			productName = MoodiTests;
			productReference = EECACF5E2DF2FC000058FA5C /* MoodiTests.xctest */;
			productType = "com.apple.product-type.bundle.unit-test";
		};
		EECACF672DF2FC000058FA5C /* MoodiUITests */ = {
			isa = PBXNativeTarget;
			buildConfigurationList = EECACF782DF2FC000058FA5C /* Build configuration list for PBXNativeTarget "MoodiUITests" */;
			buildPhases = (
				EECACF642DF2FC000058FA5C /* Sources */,
				EECACF652DF2FC000058FA5C /* Frameworks */,
				EECACF662DF2FC000058FA5C /* Resources */,
			);
			buildRules = (
			);
			dependencies = (
				EECACF6A2DF2FC000058FA5C /* PBXTargetDependency */,
			);
			name = MoodiUITests;
			productName = MoodiUITests;
			productReference = EECACF682DF2FC000058FA5C /* MoodiUITests.xctest */;
			productType = "com.apple.product-type.bundle.ui-testing";
		};
/* End PBXNativeTarget section */

/* Begin PBXProject section */
		EECACF462DF2FBFE0058FA5C /* Project object */ = {
			isa = PBXProject;
			attributes = {
				BuildIndependentTargetsInParallel = 1;
				LastSwiftUpdateCheck = 1520;
				LastUpgradeCheck = 1520;
				TargetAttributes = {
					EECACF4D2DF2FBFE0058FA5C = {
						CreatedOnToolsVersion = 15.2;
					};
					EECACF5D2DF2FC000058FA5C = {
						CreatedOnToolsVersion = 15.2;
						TestTargetID = EECACF4D2DF2FBFE0058FA5C;
					};
					EECACF672DF2FC000058FA5C = {
						CreatedOnToolsVersion = 15.2;
						TestTargetID = EECACF4D2DF2FBFE0058FA5C;
					};
				};
			};
			buildConfigurationList = EECACF492DF2FBFE0058FA5C /* Build configuration list for PBXProject "Moodi" */;
			compatibilityVersion = "Xcode 14.0";
			developmentRegion = en;
			hasScannedForEncodings = 0;
			knownRegions = (
				en,
				Base,
			);
			mainGroup = EECACF452DF2FBFE0058FA5C;
			productRefGroup = EECACF4F2DF2FBFE0058FA5C /* Products */;
			projectDirPath = "";
			projectRoot = "";
			targets = (
				EECACF4D2DF2FBFE0058FA5C /* Moodi */,
				EECACF5D2DF2FC000058FA5C /* MoodiTests */,
				EECACF672DF2FC000058FA5C /* MoodiUITests */,
			);
		};
/* End PBXProject section */

/* Begin PBXResourcesBuildPhase section */
		EECACF4C2DF2FBFE0058FA5C /* Resources */ = {
			isa = PBXResourcesBuildPhase;
			buildActionMask = 2147483647;
			files = (
				EECACF592DF2FC000058FA5C /* Preview Assets.xcassets in Resources */,
				EECACFAF2DF4951F0058FA5C /* Poppins-Bold.ttf in Resources */,
				EED449DB2DF4A49000719FB1 /* Launch Screen.storyboard in Resources */,
				EECACFB32DF495290058FA5C /* Poppins-Regular.ttf in Resources */,
				EECACF562DF2FC000058FA5C /* Assets.xcassets in Resources */,
				EECACFB22DF495270058FA5C /* Poppins-SemiBold.ttf in Resources */,
				EECACFB02DF495220058FA5C /* Poppins-Light.ttf in Resources */,
				EECACFB12DF495240058FA5C /* Poppins-Medium.ttf in Resources */,
			);
			runOnlyForDeploymentPostprocessing = 0;
		};
		EECACF5C2DF2FC000058FA5C /* Resources */ = {
			isa = PBXResourcesBuildPhase;
			buildActionMask = 2147483647;
			files = (
			);
			runOnlyForDeploymentPostprocessing = 0;
		};
		EECACF662DF2FC000058FA5C /* Resources */ = {
			isa = PBXResourcesBuildPhase;
			buildActionMask = 2147483647;
			files = (
			);
			runOnlyForDeploymentPostprocessing = 0;
		};
/* End PBXResourcesBuildPhase section */

/* Begin PBXSourcesBuildPhase section */
		EECACF4A2DF2FBFE0058FA5C /* Sources */ = {
			isa = PBXSourcesBuildPhase;
			buildActionMask = 2147483647;
			files = (
				EECACF9E2DF3743B0058FA5C /* Secrets.swift in Sources */,
				EECACF8F2DF36B0A0058FA5C /* Mood.swift in Sources */,
				EECACF9B2DF3724D0058FA5C /* APIMovie.swift in Sources */,
				EECACF8D2DF3683E0058FA5C /* SavedMoviesView.swift in Sources */,
				EECACF862DF300160058FA5C /* MovieCardView.swift in Sources */,
				EECACFA12DF378FA0058FA5C /* GenreMapping.swift in Sources */,
				EECACF912DF36B480058FA5C /* MoodSelectionView.swift in Sources */,
				EED449D52DF4A12900719FB1 /* AppScreen.swift in Sources */,
				EECACF522DF2FBFE0058FA5C /* MoodiApp.swift in Sources */,
				EECACF882DF364740058FA5C /* SwipeView.swift in Sources */,
				EECACFA52DF48A1E0058FA5C /* IntroScreen.swift in Sources */,
				EECACF992DF372150058FA5C /* MovieResponse.swift in Sources */,
				EECACF972DF36D870058FA5C /* MainTabView.swift in Sources */,
				EECACFA72DF48E030058FA5C /* Color.swift in Sources */,
				EECACF802DF2FC570058FA5C /* Movie.swift in Sources */,
				EECACF952DF36D3D0058FA5C /* RootView.swift in Sources */,
				EED449D92DF4A1D800719FB1 /* ContentView.swift in Sources */,
				EED449D72DF4A14D00719FB1 /* AppState.swift in Sources */,
				EECACF8B2DF3663E0058FA5C /* UserDefaults.swift in Sources */,
				EECACF932DF36C0D0058FA5C /* StatefulPreviewWrapper.swift in Sources */,
				EECACF822DF2FCE90058FA5C /* MovieViewModel.swift in Sources */,
				EECACFA32DF488220058FA5C /* SplashView.swift in Sources */,
			);
			runOnlyForDeploymentPostprocessing = 0;
		};
		EECACF5A2DF2FC000058FA5C /* Sources */ = {
			isa = PBXSourcesBuildPhase;
			buildActionMask = 2147483647;
			files = (
				EECACF632DF2FC000058FA5C /* MoodiTests.swift in Sources */,
			);
			runOnlyForDeploymentPostprocessing = 0;
		};
		EECACF642DF2FC000058FA5C /* Sources */ = {
			isa = PBXSourcesBuildPhase;
			buildActionMask = 2147483647;
			files = (
				EECACF6D2DF2FC000058FA5C /* MoodiUITests.swift in Sources */,
				EECACF6F2DF2FC000058FA5C /* MoodiUITestsLaunchTests.swift in Sources */,
			);
			runOnlyForDeploymentPostprocessing = 0;
		};
/* End PBXSourcesBuildPhase section */

/* Begin PBXTargetDependency section */
		EECACF602DF2FC000058FA5C /* PBXTargetDependency */ = {
			isa = PBXTargetDependency;
			target = EECACF4D2DF2FBFE0058FA5C /* Moodi */;
			targetProxy = EECACF5F2DF2FC000058FA5C /* PBXContainerItemProxy */;
		};
		EECACF6A2DF2FC000058FA5C /* PBXTargetDependency */ = {
			isa = PBXTargetDependency;
			target = EECACF4D2DF2FBFE0058FA5C /* Moodi */;
			targetProxy = EECACF692DF2FC000058FA5C /* PBXContainerItemProxy */;
		};
/* End PBXTargetDependency section */

/* Begin XCBuildConfiguration section */
		EECACF702DF2FC000058FA5C /* Debug */ = {
			isa = XCBuildConfiguration;
			buildSettings = {
				ALWAYS_SEARCH_USER_PATHS = NO;
				ASSETCATALOG_COMPILER_GENERATE_SWIFT_ASSET_SYMBOL_EXTENSIONS = YES;
				CLANG_ANALYZER_NONNULL = YES;
				CLANG_ANALYZER_NUMBER_OBJECT_CONVERSION = YES_AGGRESSIVE;
				CLANG_CXX_LANGUAGE_STANDARD = "gnu++20";
				CLANG_ENABLE_MODULES = YES;
				CLANG_ENABLE_OBJC_ARC = YES;
				CLANG_ENABLE_OBJC_WEAK = YES;
				CLANG_WARN_BLOCK_CAPTURE_AUTORELEASING = YES;
				CLANG_WARN_BOOL_CONVERSION = YES;
				CLANG_WARN_COMMA = YES;
				CLANG_WARN_CONSTANT_CONVERSION = YES;
				CLANG_WARN_DEPRECATED_OBJC_IMPLEMENTATIONS = YES;
				CLANG_WARN_DIRECT_OBJC_ISA_USAGE = YES_ERROR;
				CLANG_WARN_DOCUMENTATION_COMMENTS = YES;
				CLANG_WARN_EMPTY_BODY = YES;
				CLANG_WARN_ENUM_CONVERSION = YES;
				CLANG_WARN_INFINITE_RECURSION = YES;
				CLANG_WARN_INT_CONVERSION = YES;
				CLANG_WARN_NON_LITERAL_NULL_CONVERSION = YES;
				CLANG_WARN_OBJC_IMPLICIT_RETAIN_SELF = YES;
				CLANG_WARN_OBJC_LITERAL_CONVERSION = YES;
				CLANG_WARN_OBJC_ROOT_CLASS = YES_ERROR;
				CLANG_WARN_QUOTED_INCLUDE_IN_FRAMEWORK_HEADER = YES;
				CLANG_WARN_RANGE_LOOP_ANALYSIS = YES;
				CLANG_WARN_STRICT_PROTOTYPES = YES;
				CLANG_WARN_SUSPICIOUS_MOVE = YES;
				CLANG_WARN_UNGUARDED_AVAILABILITY = YES_AGGRESSIVE;
				CLANG_WARN_UNREACHABLE_CODE = YES;
				CLANG_WARN__DUPLICATE_METHOD_MATCH = YES;
				COPY_PHASE_STRIP = NO;
				DEBUG_INFORMATION_FORMAT = dwarf;
				ENABLE_STRICT_OBJC_MSGSEND = YES;
				ENABLE_TESTABILITY = YES;
				ENABLE_USER_SCRIPT_SANDBOXING = YES;
				GCC_C_LANGUAGE_STANDARD = gnu17;
				GCC_DYNAMIC_NO_PIC = NO;
				GCC_NO_COMMON_BLOCKS = YES;
				GCC_OPTIMIZATION_LEVEL = 0;
				GCC_PREPROCESSOR_DEFINITIONS = (
					"DEBUG=1",
					"$(inherited)",
				);
				GCC_WARN_64_TO_32_BIT_CONVERSION = YES;
				GCC_WARN_ABOUT_RETURN_TYPE = YES_ERROR;
				GCC_WARN_UNDECLARED_SELECTOR = YES;
				GCC_WARN_UNINITIALIZED_AUTOS = YES_AGGRESSIVE;
				GCC_WARN_UNUSED_FUNCTION = YES;
				GCC_WARN_UNUSED_VARIABLE = YES;
				IPHONEOS_DEPLOYMENT_TARGET = 17.2;
				LOCALIZATION_PREFERS_STRING_CATALOGS = YES;
				MTL_ENABLE_DEBUG_INFO = INCLUDE_SOURCE;
				MTL_FAST_MATH = YES;
				ONLY_ACTIVE_ARCH = YES;
				SDKROOT = iphoneos;
				SWIFT_ACTIVE_COMPILATION_CONDITIONS = "DEBUG $(inherited)";
				SWIFT_OPTIMIZATION_LEVEL = "-Onone";
			};
			name = Debug;
		};
		EECACF712DF2FC000058FA5C /* Release */ = {
			isa = XCBuildConfiguration;
			buildSettings = {
				ALWAYS_SEARCH_USER_PATHS = NO;
				ASSETCATALOG_COMPILER_GENERATE_SWIFT_ASSET_SYMBOL_EXTENSIONS = YES;
				CLANG_ANALYZER_NONNULL = YES;
				CLANG_ANALYZER_NUMBER_OBJECT_CONVERSION = YES_AGGRESSIVE;
				CLANG_CXX_LANGUAGE_STANDARD = "gnu++20";
				CLANG_ENABLE_MODULES = YES;
				CLANG_ENABLE_OBJC_ARC = YES;
				CLANG_ENABLE_OBJC_WEAK = YES;
				CLANG_WARN_BLOCK_CAPTURE_AUTORELEASING = YES;
				CLANG_WARN_BOOL_CONVERSION = YES;
				CLANG_WARN_COMMA = YES;
				CLANG_WARN_CONSTANT_CONVERSION = YES;
				CLANG_WARN_DEPRECATED_OBJC_IMPLEMENTATIONS = YES;
				CLANG_WARN_DIRECT_OBJC_ISA_USAGE = YES_ERROR;
				CLANG_WARN_DOCUMENTATION_COMMENTS = YES;
				CLANG_WARN_EMPTY_BODY = YES;
				CLANG_WARN_ENUM_CONVERSION = YES;
				CLANG_WARN_INFINITE_RECURSION = YES;
				CLANG_WARN_INT_CONVERSION = YES;
				CLANG_WARN_NON_LITERAL_NULL_CONVERSION = YES;
				CLANG_WARN_OBJC_IMPLICIT_RETAIN_SELF = YES;
				CLANG_WARN_OBJC_LITERAL_CONVERSION = YES;
				CLANG_WARN_OBJC_ROOT_CLASS = YES_ERROR;
				CLANG_WARN_QUOTED_INCLUDE_IN_FRAMEWORK_HEADER = YES;
				CLANG_WARN_RANGE_LOOP_ANALYSIS = YES;
				CLANG_WARN_STRICT_PROTOTYPES = YES;
				CLANG_WARN_SUSPICIOUS_MOVE = YES;
				CLANG_WARN_UNGUARDED_AVAILABILITY = YES_AGGRESSIVE;
				CLANG_WARN_UNREACHABLE_CODE = YES;
				CLANG_WARN__DUPLICATE_METHOD_MATCH = YES;
				COPY_PHASE_STRIP = NO;
				DEBUG_INFORMATION_FORMAT = "dwarf-with-dsym";
				ENABLE_NS_ASSERTIONS = NO;
				ENABLE_STRICT_OBJC_MSGSEND = YES;
				ENABLE_USER_SCRIPT_SANDBOXING = YES;
				GCC_C_LANGUAGE_STANDARD = gnu17;
				GCC_NO_COMMON_BLOCKS = YES;
				GCC_WARN_64_TO_32_BIT_CONVERSION = YES;
				GCC_WARN_ABOUT_RETURN_TYPE = YES_ERROR;
				GCC_WARN_UNDECLARED_SELECTOR = YES;
				GCC_WARN_UNINITIALIZED_AUTOS = YES_AGGRESSIVE;
				GCC_WARN_UNUSED_FUNCTION = YES;
				GCC_WARN_UNUSED_VARIABLE = YES;
				IPHONEOS_DEPLOYMENT_TARGET = 17.2;
				LOCALIZATION_PREFERS_STRING_CATALOGS = YES;
				MTL_ENABLE_DEBUG_INFO = NO;
				MTL_FAST_MATH = YES;
				SDKROOT = iphoneos;
				SWIFT_COMPILATION_MODE = wholemodule;
				VALIDATE_PRODUCT = YES;
			};
			name = Release;
		};
		EECACF732DF2FC000058FA5C /* Debug */ = {
			isa = XCBuildConfiguration;
			buildSettings = {
				ASSETCATALOG_COMPILER_APPICON_NAME = AppIcon;
				ASSETCATALOG_COMPILER_GLOBAL_ACCENT_COLOR_NAME = AccentColor;
				CODE_SIGN_STYLE = Automatic;
				CURRENT_PROJECT_VERSION = 1;
				DEVELOPMENT_ASSET_PATHS = "\"Moodi/Preview Content\"";
				ENABLE_PREVIEWS = YES;
				GENERATE_INFOPLIST_FILE = YES;
				INFOPLIST_FILE = Moodi/Info.plist;
				INFOPLIST_KEY_UIApplicationSceneManifest_Generation = YES;
				INFOPLIST_KEY_UIApplicationSupportsIndirectInputEvents = YES;
				INFOPLIST_KEY_UILaunchScreen_Generation = YES;
				INFOPLIST_KEY_UILaunchStoryboardName = "Launch Screen.storyboard";
				INFOPLIST_KEY_UISupportedInterfaceOrientations_iPad = "UIInterfaceOrientationPortrait UIInterfaceOrientationPortraitUpsideDown UIInterfaceOrientationLandscapeLeft UIInterfaceOrientationLandscapeRight";
				INFOPLIST_KEY_UISupportedInterfaceOrientations_iPhone = "UIInterfaceOrientationPortrait UIInterfaceOrientationLandscapeLeft UIInterfaceOrientationLandscapeRight";
				LD_RUNPATH_SEARCH_PATHS = (
					"$(inherited)",
					"@executable_path/Frameworks",
				);
				MARKETING_VERSION = 1.0;
				PRODUCT_BUNDLE_IDENTIFIER = com.mariaamzil.Moodi;
				PRODUCT_NAME = "$(TARGET_NAME)";
				SWIFT_EMIT_LOC_STRINGS = YES;
				SWIFT_VERSION = 5.0;
				TARGETED_DEVICE_FAMILY = "1,2";
			};
			name = Debug;
		};
		EECACF742DF2FC000058FA5C /* Release */ = {
			isa = XCBuildConfiguration;
			buildSettings = {
				ASSETCATALOG_COMPILER_APPICON_NAME = AppIcon;
				ASSETCATALOG_COMPILER_GLOBAL_ACCENT_COLOR_NAME = AccentColor;
				CODE_SIGN_STYLE = Automatic;
				CURRENT_PROJECT_VERSION = 1;
				DEVELOPMENT_ASSET_PATHS = "\"Moodi/Preview Content\"";
				ENABLE_PREVIEWS = YES;
				GENERATE_INFOPLIST_FILE = YES;
				INFOPLIST_FILE = Moodi/Info.plist;
				INFOPLIST_KEY_UIApplicationSceneManifest_Generation = YES;
				INFOPLIST_KEY_UIApplicationSupportsIndirectInputEvents = YES;
				INFOPLIST_KEY_UILaunchScreen_Generation = YES;
				INFOPLIST_KEY_UILaunchStoryboardName = "Launch Screen.storyboard";
				INFOPLIST_KEY_UISupportedInterfaceOrientations_iPad = "UIInterfaceOrientationPortrait UIInterfaceOrientationPortraitUpsideDown UIInterfaceOrientationLandscapeLeft UIInterfaceOrientationLandscapeRight";
				INFOPLIST_KEY_UISupportedInterfaceOrientations_iPhone = "UIInterfaceOrientationPortrait UIInterfaceOrientationLandscapeLeft UIInterfaceOrientationLandscapeRight";
				LD_RUNPATH_SEARCH_PATHS = (
					"$(inherited)",
					"@executable_path/Frameworks",
				);
				MARKETING_VERSION = 1.0;
				PRODUCT_BUNDLE_IDENTIFIER = com.mariaamzil.Moodi;
				PRODUCT_NAME = "$(TARGET_NAME)";
				SWIFT_EMIT_LOC_STRINGS = YES;
				SWIFT_VERSION = 5.0;
				TARGETED_DEVICE_FAMILY = "1,2";
			};
			name = Release;
		};
		EECACF762DF2FC000058FA5C /* Debug */ = {
			isa = XCBuildConfiguration;
			buildSettings = {
				ALWAYS_EMBED_SWIFT_STANDARD_LIBRARIES = YES;
				BUNDLE_LOADER = "$(TEST_HOST)";
				CODE_SIGN_STYLE = Automatic;
				CURRENT_PROJECT_VERSION = 1;
				GENERATE_INFOPLIST_FILE = YES;
				IPHONEOS_DEPLOYMENT_TARGET = 17.2;
				MARKETING_VERSION = 1.0;
				PRODUCT_BUNDLE_IDENTIFIER = com.mariaamzil.MoodiTests;
				PRODUCT_NAME = "$(TARGET_NAME)";
				SWIFT_EMIT_LOC_STRINGS = NO;
				SWIFT_VERSION = 5.0;
				TARGETED_DEVICE_FAMILY = "1,2";
				TEST_HOST = "$(BUILT_PRODUCTS_DIR)/Moodi.app/$(BUNDLE_EXECUTABLE_FOLDER_PATH)/Moodi";
			};
			name = Debug;
		};
		EECACF772DF2FC000058FA5C /* Release */ = {
			isa = XCBuildConfiguration;
			buildSettings = {
				ALWAYS_EMBED_SWIFT_STANDARD_LIBRARIES = YES;
				BUNDLE_LOADER = "$(TEST_HOST)";
				CODE_SIGN_STYLE = Automatic;
				CURRENT_PROJECT_VERSION = 1;
				GENERATE_INFOPLIST_FILE = YES;
				IPHONEOS_DEPLOYMENT_TARGET = 17.2;
				MARKETING_VERSION = 1.0;
				PRODUCT_BUNDLE_IDENTIFIER = com.mariaamzil.MoodiTests;
				PRODUCT_NAME = "$(TARGET_NAME)";
				SWIFT_EMIT_LOC_STRINGS = NO;
				SWIFT_VERSION = 5.0;
				TARGETED_DEVICE_FAMILY = "1,2";
				TEST_HOST = "$(BUILT_PRODUCTS_DIR)/Moodi.app/$(BUNDLE_EXECUTABLE_FOLDER_PATH)/Moodi";
			};
			name = Release;
		};
		EECACF792DF2FC000058FA5C /* Debug */ = {
			isa = XCBuildConfiguration;
			buildSettings = {
				ALWAYS_EMBED_SWIFT_STANDARD_LIBRARIES = YES;
				CODE_SIGN_STYLE = Automatic;
				CURRENT_PROJECT_VERSION = 1;
				GENERATE_INFOPLIST_FILE = YES;
				MARKETING_VERSION = 1.0;
				PRODUCT_BUNDLE_IDENTIFIER = com.mariaamzil.MoodiUITests;
				PRODUCT_NAME = "$(TARGET_NAME)";
				SWIFT_EMIT_LOC_STRINGS = NO;
				SWIFT_VERSION = 5.0;
				TARGETED_DEVICE_FAMILY = "1,2";
				TEST_TARGET_NAME = Moodi;
			};
			name = Debug;
		};
		EECACF7A2DF2FC000058FA5C /* Release */ = {
			isa = XCBuildConfiguration;
			buildSettings = {
				ALWAYS_EMBED_SWIFT_STANDARD_LIBRARIES = YES;
				CODE_SIGN_STYLE = Automatic;
				CURRENT_PROJECT_VERSION = 1;
				GENERATE_INFOPLIST_FILE = YES;
				MARKETING_VERSION = 1.0;
				PRODUCT_BUNDLE_IDENTIFIER = com.mariaamzil.MoodiUITests;
				PRODUCT_NAME = "$(TARGET_NAME)";
				SWIFT_EMIT_LOC_STRINGS = NO;
				SWIFT_VERSION = 5.0;
				TARGETED_DEVICE_FAMILY = "1,2";
				TEST_TARGET_NAME = Moodi;
			};
			name = Release;
		};
/* End XCBuildConfiguration section */

/* Begin XCConfigurationList section */
		EECACF492DF2FBFE0058FA5C /* Build configuration list for PBXProject "Moodi" */ = {
			isa = XCConfigurationList;
			buildConfigurations = (
				EECACF702DF2FC000058FA5C /* Debug */,
				EECACF712DF2FC000058FA5C /* Release */,
			);
			defaultConfigurationIsVisible = 0;
			defaultConfigurationName = Release;
		};
		EECACF722DF2FC000058FA5C /* Build configuration list for PBXNativeTarget "Moodi" */ = {
			isa = XCConfigurationList;
			buildConfigurations = (
				EECACF732DF2FC000058FA5C /* Debug */,
				EECACF742DF2FC000058FA5C /* Release */,
			);
			defaultConfigurationIsVisible = 0;
			defaultConfigurationName = Release;
		};
		EECACF752DF2FC000058FA5C /* Build configuration list for PBXNativeTarget "MoodiTests" */ = {
			isa = XCConfigurationList;
			buildConfigurations = (
				EECACF762DF2FC000058FA5C /* Debug */,
				EECACF772DF2FC000058FA5C /* Release */,
			);
			defaultConfigurationIsVisible = 0;
			defaultConfigurationName = Release;
		};
		EECACF782DF2FC000058FA5C /* Build configuration list for PBXNativeTarget "MoodiUITests" */ = {
			isa = XCConfigurationList;
			buildConfigurations = (
				EECACF792DF2FC000058FA5C /* Debug */,
				EECACF7A2DF2FC000058FA5C /* Release */,
			);
			defaultConfigurationIsVisible = 0;
			defaultConfigurationName = Release;
		};
/* End XCConfigurationList section */
	};
	rootObject = EECACF462DF2FBFE0058FA5C /* Project object */;
}
